
Microsoft Visual Studio Solution File, Format Version 12.00
# Visual Studio Version 17
VisualStudioVersion = 17.1.32210.238
MinimumVisualStudioVersion = 10.0.40219.1
Project("{FAE04EC0-301F-11D3-BF4B-00C04F79EFBC}") = "CMSWinFormsApp", "CMSWinFormsApp\CMSWinFormsApp.csproj", "{D99C28A3-DE6C-455E-9832-FCEF12B2D8AA}"
EndProject
Global
	GlobalSection(SolutionConfigurationPlatforms) = preSolution
		Debug|Any CPU = Debug|Any CPU
		Release|Any CPU = Release|Any CPU
	EndGlobalSection
	GlobalSection(ProjectConfigurationPlatforms) = postSolution
		{D99C28A3-DE6C-455E-9832-FCEF12B2D8AA}.Debug|Any CPU.ActiveCfg = Debug|Any CPU
		{D99C28A3-DE6C-455E-9832-FCEF12B2D8AA}.Debug|Any CPU.Build.0 = Debug|Any CPU
		{D99C28A3-DE6C-455E-9832-FCEF12B2D8AA}.Release|Any CPU.ActiveCfg = Release|Any CPU
		{D99C28A3-DE6C-455E-9832-FCEF12B2D8AA}.Release|Any CPU.Build.0 = Release|Any CPU
	EndGlobalSection
	GlobalSection(SolutionProperties) = preSolution
		HideSolutionNode = FALSE
	EndGlobalSection
	GlobalSection(ExtensibilityGlobals) = postSolution
		SolutionGuid = {A4A5762D-3953-4EC5-AE6F-DA153D38268A}
	EndGlobalSection
EndGlobal
